// !$*UTF8*$!
{
	archiveVersion = 1;
	classes = {
	};
	objectVersion = 50;
	objects = {

/* Begin PBXBuildFile section */
		FD5AEBE625A9DF2200F60C5F /* AppDelegate.m in Sources */ = {isa = PBXBuildFile; fileRef = FD5AEBE525A9DF2200F60C5F /* AppDelegate.m */; };
		FD5AEBE925A9DF2200F60C5F /* SceneDelegate.m in Sources */ = {isa = PBXBuildFile; fileRef = FD5AEBE825A9DF2200F60C5F /* SceneDelegate.m */; };
		FD5AEBEF25A9DF2200F60C5F /* Main.storyboard in Resources */ = {isa = PBXBuildFile; fileRef = FD5AEBED25A9DF2200F60C5F /* Main.storyboard */; };
		FD5AEBF125A9DF2700F60C5F /* Assets.xcassets in Resources */ = {isa = PBXBuildFile; fileRef = FD5AEBF025A9DF2700F60C5F /* Assets.xcassets */; };
		FD5AEBF425A9DF2700F60C5F /* LaunchScreen.storyboard in Resources */ = {isa = PBXBuildFile; fileRef = FD5AEBF225A9DF2700F60C5F /* LaunchScreen.storyboard */; };
		FD5AEBF725A9DF2700F60C5F /* main.m in Sources */ = {isa = PBXBuildFile; fileRef = FD5AEBF625A9DF2700F60C5F /* main.m */; };
		FD5AEBFF25A9DF4C00F60C5F /* QQZLine.m in Sources */ = {isa = PBXBuildFile; fileRef = FD5AEBFE25A9DF4C00F60C5F /* QQZLine.m */; };
		FD7569E225AB3E9F005AA45A /* QQZCircle.m in Sources */ = {isa = PBXBuildFile; fileRef = FD7569E125AB3E9F005AA45A /* QQZCircle.m */; };
		FDC695BF25A9E0290017EDDE /* QQZDrawView.m in Sources */ = {isa = PBXBuildFile; fileRef = FDC695BE25A9E0290017EDDE /* QQZDrawView.m */; };
		FDC695C225A9E0790017EDDE /* QQZDrawViewController.m in Sources */ = {isa = PBXBuildFile; fileRef = FDC695C125A9E0790017EDDE /* QQZDrawViewController.m */; };
/* End PBXBuildFile section */

/* Begin PBXFileReference section */
		FD5AEBE125A9DF2200F60C5F /* TouchTracker.app */ = {isa = PBXFileReference; explicitFileType = wrapper.application; includeInIndex = 0; path = TouchTracker.app; sourceTree = BUILT_PRODUCTS_DIR; };
		FD5AEBE425A9DF2200F60C5F /* AppDelegate.h */ = {isa = PBXFileReference; lastKnownFileType = sourcecode.c.h; path = AppDelegate.h; sourceTree = "<group>"; };
		FD5AEBE525A9DF2200F60C5F /* AppDelegate.m */ = {isa = PBXFileReference; lastKnownFileType = sourcecode.c.objc; path = AppDelegate.m; sourceTree = "<group>"; };
		FD5AEBE725A9DF2200F60C5F /* SceneDelegate.h */ = {isa = PBXFileReference; lastKnownFileType = sourcecode.c.h; path = SceneDelegate.h; sourceTree = "<group>"; };
		FD5AEBE825A9DF2200F60C5F /* SceneDelegate.m */ = {isa = PBXFileReference; lastKnownFileType = sourcecode.c.objc; path = SceneDelegate.m; sourceTree = "<group>"; };
		FD5AEBEE25A9DF2200F60C5F /* Base */ = {isa = PBXFileReference; lastKnownFileType = file.storyboard; name = Base; path = Base.lproj/Main.storyboard; sourceTree = "<group>"; };
		FD5AEBF025A9DF2700F60C5F /* Assets.xcassets */ = {isa = PBXFileReference; lastKnownFileType = folder.assetcatalog; path = Assets.xcassets; sourceTree = "<group>"; };
		FD5AEBF325A9DF2700F60C5F /* Base */ = {isa = PBXFileReference; lastKnownFileType = file.storyboard; name = Base; path = Base.lproj/LaunchScreen.storyboard; sourceTree = "<group>"; };
		FD5AEBF525A9DF2700F60C5F /* Info.plist */ = {isa = PBXFileReference; lastKnownFileType = text.plist.xml; path = Info.plist; sourceTree = "<group>"; };
		FD5AEBF625A9DF2700F60C5F /* main.m */ = {isa = PBXFileReference; lastKnownFileType = sourcecode.c.objc; path = main.m; sourceTree = "<group>"; };
		FD5AEBFD25A9DF4C00F60C5F /* QQZLine.h */ = {isa = PBXFileReference; lastKnownFileType = sourcecode.c.h; path = QQZLine.h; sourceTree = "<group>"; };
		FD5AEBFE25A9DF4C00F60C5F /* QQZLine.m */ = {isa = PBXFileReference; lastKnownFileType = sourcecode.c.objc; path = QQZLine.m; sourceTree = "<group>"; };
		FD7569E025AB3E9F005AA45A /* QQZCircle.h */ = {isa = PBXFileReference; lastKnownFileType = sourcecode.c.h; path = QQZCircle.h; sourceTree = "<group>"; };
		FD7569E125AB3E9F005AA45A /* QQZCircle.m */ = {isa = PBXFileReference; lastKnownFileType = sourcecode.c.objc; path = QQZCircle.m; sourceTree = "<group>"; };
		FDC695BD25A9E0290017EDDE /* QQZDrawView.h */ = {isa = PBXFileReference; lastKnownFileType = sourcecode.c.h; path = QQZDrawView.h; sourceTree = "<group>"; };
		FDC695BE25A9E0290017EDDE /* QQZDrawView.m */ = {isa = PBXFileReference; lastKnownFileType = sourcecode.c.objc; path = QQZDrawView.m; sourceTree = "<group>"; };
		FDC695C025A9E0790017EDDE /* QQZDrawViewController.h */ = {isa = PBXFileReference; lastKnownFileType = sourcecode.c.h; path = QQZDrawViewController.h; sourceTree = "<group>"; };
		FDC695C125A9E0790017EDDE /* QQZDrawViewController.m */ = {isa = PBXFileReference; lastKnownFileType = sourcecode.c.objc; path = QQZDrawViewController.m; sourceTree = "<group>"; };
/* End PBXFileReference section */

/* Begin PBXFrameworksBuildPhase section */
		FD5AEBDE25A9DF2200F60C5F /* Frameworks */ = {
			isa = PBXFrameworksBuildPhase;
			buildActionMask = 2147483647;
			files = (
			);
			runOnlyForDeploymentPostprocessing = 0;
		};
/* End PBXFrameworksBuildPhase section */

/* Begin PBXGroup section */
		FD5AEBD825A9DF2200F60C5F = {
			isa = PBXGroup;
			children = (
				FD5AEBE325A9DF2200F60C5F /* TouchTracker */,
				FD5AEBE225A9DF2200F60C5F /* Products */,
			);
			sourceTree = "<group>";
		};
		FD5AEBE225A9DF2200F60C5F /* Products */ = {
			isa = PBXGroup;
			children = (
				FD5AEBE125A9DF2200F60C5F /* TouchTracker.app */,
			);
			name = Products;
			sourceTree = "<group>";
		};
		FD5AEBE325A9DF2200F60C5F /* TouchTracker */ = {
			isa = PBXGroup;
			children = (
				FD5AEBE425A9DF2200F60C5F /* AppDelegate.h */,
				FD5AEBE525A9DF2200F60C5F /* AppDelegate.m */,
				FD5AEBE725A9DF2200F60C5F /* SceneDelegate.h */,
				FD5AEBE825A9DF2200F60C5F /* SceneDelegate.m */,
				FD5AEBED25A9DF2200F60C5F /* Main.storyboard */,
				FD5AEBF025A9DF2700F60C5F /* Assets.xcassets */,
				FD5AEBF225A9DF2700F60C5F /* LaunchScreen.storyboard */,
				FD5AEBF525A9DF2700F60C5F /* Info.plist */,
				FD5AEBF625A9DF2700F60C5F /* main.m */,
				FD5AEBFD25A9DF4C00F60C5F /* QQZLine.h */,
				FD5AEBFE25A9DF4C00F60C5F /* QQZLine.m */,
				FDC695BD25A9E0290017EDDE /* QQZDrawView.h */,
				FDC695BE25A9E0290017EDDE /* QQZDrawView.m */,
				FDC695C025A9E0790017EDDE /* QQZDrawViewController.h */,
				FDC695C125A9E0790017EDDE /* QQZDrawViewController.m */,
				FD7569E025AB3E9F005AA45A /* QQZCircle.h */,
				FD7569E125AB3E9F005AA45A /* QQZCircle.m */,
			);
			path = TouchTracker;
			sourceTree = "<group>";
		};
/* End PBXGroup section */

/* Begin PBXNativeTarget section */
		FD5AEBE025A9DF2200F60C5F /* TouchTracker */ = {
			isa = PBXNativeTarget;
			buildConfigurationList = FD5AEBFA25A9DF2700F60C5F /* Build configuration list for PBXNativeTarget "TouchTracker" */;
			buildPhases = (
				FD5AEBDD25A9DF2200F60C5F /* Sources */,
				FD5AEBDE25A9DF2200F60C5F /* Frameworks */,
				FD5AEBDF25A9DF2200F60C5F /* Resources */,
			);
			buildRules = (
			);
			dependencies = (
			);
			name = TouchTracker;
			productName = TouchTracker;
			productReference = FD5AEBE125A9DF2200F60C5F /* TouchTracker.app */;
			productType = "com.apple.product-type.application";
		};
/* End PBXNativeTarget section */

/* Begin PBXProject section */
		FD5AEBD925A9DF2200F60C5F /* Project object */ = {
			isa = PBXProject;
			attributes = {
				CLASSPREFIX = QQZ;
				LastUpgradeCheck = 1130;
				ORGANIZATIONNAME = Qiqiuzhe;
				TargetAttributes = {
					FD5AEBE025A9DF2200F60C5F = {
						CreatedOnToolsVersion = 11.3;
					};
				};
			};
			buildConfigurationList = FD5AEBDC25A9DF2200F60C5F /* Build configuration list for PBXProject "TouchTracker" */;
			compatibilityVersion = "Xcode 9.3";
			developmentRegion = en;
			hasScannedForEncodings = 0;
			knownRegions = (
				en,
				Base,
			);
			mainGroup = FD5AEBD825A9DF2200F60C5F;
			productRefGroup = FD5AEBE225A9DF2200F60C5F /* Products */;
			projectDirPath = "";
			projectRoot = "";
			targets = (
				FD5AEBE025A9DF2200F60C5F /* TouchTracker */,
			);
		};
/* End PBXProject section */

/* Begin PBXResourcesBuildPhase section */
		FD5AEBDF25A9DF2200F60C5F /* Resources */ = {
			isa = PBXResourcesBuildPhase;
			buildActionMask = 2147483647;
			files = (
				FD5AEBF425A9DF2700F60C5F /* LaunchScreen.storyboard in Resources */,
				FD5AEBF125A9DF2700F60C5F /* Assets.xcassets in Resources */,
				FD5AEBEF25A9DF2200F60C5F /* Main.storyboard in Resources */,
			);
			runOnlyForDeploymentPostprocessing = 0;
		};
/* End PBXResourcesBuildPhase section */

/* Begin PBXSourcesBuildPhase section */
		FD5AEBDD25A9DF2200F60C5F /* Sources */ = {
			isa = PBXSourcesBuildPhase;
			buildActionMask = 2147483647;
			files = (
				FD5AEBFF25A9DF4C00F60C5F /* QQZLine.m in Sources */,
				FDC695C225A9E0790017EDDE /* QQZDrawViewController.m in Sources */,
				FD5AEBE625A9DF2200F60C5F /* AppDelegate.m in Sources */,
				FD7569E225AB3E9F005AA45A /* QQZCircle.m in Sources */,
				FD5AEBF725A9DF2700F60C5F /* main.m in Sources */,
				FD5AEBE925A9DF2200F60C5F /* SceneDelegate.m in Sources */,
				FDC695BF25A9E0290017EDDE /* QQZDrawView.m in Sources */,
			);
			runOnlyForDeploymentPostprocessing = 0;
		};
/* End PBXSourcesBuildPhase section */

/* Begin PBXVariantGroup section */
		FD5AEBED25A9DF2200F60C5F /* Main.storyboard */ = {
			isa = PBXVariantGroup;
			children = (
				FD5AEBEE25A9DF2200F60C5F /* Base */,
			);
			name = Main.storyboard;
			sourceTree = "<group>";
		};
		FD5AEBF225A9DF2700F60C5F /* LaunchScreen.storyboard */ = {
			isa = PBXVariantGroup;
			children = (
				FD5AEBF325A9DF2700F60C5F /* Base */,
			);
			name = LaunchScreen.storyboard;
			sourceTree = "<group>";
		};
/* End PBXVariantGroup section */

/* Begin XCBuildConfiguration section */
		FD5AEBF825A9DF2700F60C5F /* Debug */ = {
			isa = XCBuildConfiguration;
			buildSettings = {
				ALWAYS_SEARCH_USER_PATHS = NO;
				CLANG_ANALYZER_NONNULL = YES;
				CLANG_ANALYZER_NUMBER_OBJECT_CONVERSION = YES_AGGRESSIVE;
				CLANG_CXX_LANGUAGE_STANDARD = "gnu++14";
				CLANG_CXX_LIBRARY = "libc++";
				CLANG_ENABLE_MODULES = YES;
				CLANG_ENABLE_OBJC_ARC = YES;
				CLANG_ENABLE_OBJC_WEAK = YES;
				CLANG_WARN_BLOCK_CAPTURE_AUTORELEASING = YES;
				CLANG_WARN_BOOL_CONVERSION = YES;
				CLANG_WARN_COMMA = YES;
				CLANG_WARN_CONSTANT_CONVERSION = YES;
				CLANG_WARN_DEPRECATED_OBJC_IMPLEMENTATIONS = YES;
				CLANG_WARN_DIRECT_OBJC_ISA_USAGE = YES_ERROR;
				CLANG_WARN_DOCUMENTATION_COMMENTS = YES;
				CLANG_WARN_EMPTY_BODY = YES;
				CLANG_WARN_ENUM_CONVERSION = YES;
				CLANG_WARN_INFINITE_RECURSION = YES;
				CLANG_WARN_INT_CONVERSION = YES;
				CLANG_WARN_NON_LITERAL_NULL_CONVERSION = YES;
				CLANG_WARN_OBJC_IMPLICIT_RETAIN_SELF = YES;
				CLANG_WARN_OBJC_LITERAL_CONVERSION = YES;
				CLANG_WARN_OBJC_ROOT_CLASS = YES_ERROR;
				CLANG_WARN_RANGE_LOOP_ANALYSIS = YES;
				CLANG_WARN_STRICT_PROTOTYPES = YES;
				CLANG_WARN_SUSPICIOUS_MOVE = YES;
				CLANG_WARN_UNGUARDED_AVAILABILITY = YES_AGGRESSIVE;
				CLANG_WARN_UNREACHABLE_CODE = YES;
				CLANG_WARN__DUPLICATE_METHOD_MATCH = YES;
				COPY_PHASE_STRIP = NO;
				DEBUG_INFORMATION_FORMAT = dwarf;
				ENABLE_STRICT_OBJC_MSGSEND = YES;
				ENABLE_TESTABILITY = YES;
				GCC_C_LANGUAGE_STANDARD = gnu11;
				GCC_DYNAMIC_NO_PIC = NO;
				GCC_NO_COMMON_BLOCKS = YES;
				GCC_OPTIMIZATION_LEVEL = 0;
				GCC_PREPROCESSOR_DEFINITIONS = (
					"DEBUG=1",
					"$(inherited)",
				);
				GCC_WARN_64_TO_32_BIT_CONVERSION = YES;
				GCC_WARN_ABOUT_RETURN_TYPE = YES_ERROR;
				GCC_WARN_UNDECLARED_SELECTOR = YES;
				GCC_WARN_UNINITIALIZED_AUTOS = YES_AGGRESSIVE;
				GCC_WARN_UNUSED_FUNCTION = YES;
				GCC_WARN_UNUSED_VARIABLE = YES;
				IPHONEOS_DEPLOYMENT_TARGET = 13.2;
				MTL_ENABLE_DEBUG_INFO = INCLUDE_SOURCE;
				MTL_FAST_MATH = YES;
				ONLY_ACTIVE_ARCH = YES;
				SDKROOT = iphoneos;
			};
			name = Debug;
		};
		FD5AEBF925A9DF2700F60C5F /* Release */ = {
			isa = XCBuildConfiguration;
			buildSettings = {
				ALWAYS_SEARCH_USER_PATHS = NO;
				CLANG_ANALYZER_NONNULL = YES;
				CLANG_ANALYZER_NUMBER_OBJECT_CONVERSION = YES_AGGRESSIVE;
				CLANG_CXX_LANGUAGE_STANDARD = "gnu++14";
				CLANG_CXX_LIBRARY = "libc++";
				CLANG_ENABLE_MODULES = YES;
				CLANG_ENABLE_OBJC_ARC = YES;
				CLANG_ENABLE_OBJC_WEAK = YES;
				CLANG_WARN_BLOCK_CAPTURE_AUTORELEASING = YES;
				CLANG_WARN_BOOL_CONVERSION = YES;
				CLANG_WARN_COMMA = YES;
				CLANG_WARN_CONSTANT_CONVERSION = YES;
				CLANG_WARN_DEPRECATED_OBJC_IMPLEMENTATIONS = YES;
				CLANG_WARN_DIRECT_OBJC_ISA_USAGE = YES_ERROR;
				CLANG_WARN_DOCUMENTATION_COMMENTS = YES;
				CLANG_WARN_EMPTY_BODY = YES;
				CLANG_WARN_ENUM_CONVERSION = YES;
				CLANG_WARN_INFINITE_RECURSION = YES;
				CLANG_WARN_INT_CONVERSION = YES;
				CLANG_WARN_NON_LITERAL_NULL_CONVERSION = YES;
				CLANG_WARN_OBJC_IMPLICIT_RETAIN_SELF = YES;
				CLANG_WARN_OBJC_LITERAL_CONVERSION = YES;
				CLANG_WARN_OBJC_ROOT_CLASS = YES_ERROR;
				CLANG_WARN_RANGE_LOOP_ANALYSIS = YES;
				CLANG_WARN_STRICT_PROTOTYPES = YES;
				CLANG_WARN_SUSPICIOUS_MOVE = YES;
				CLANG_WARN_UNGUARDED_AVAILABILITY = YES_AGGRESSIVE;
				CLANG_WARN_UNREACHABLE_CODE = YES;
				CLANG_WARN__DUPLICATE_METHOD_MATCH = YES;
				COPY_PHASE_STRIP = NO;
				DEBUG_INFORMATION_FORMAT = "dwarf-with-dsym";
				ENABLE_NS_ASSERTIONS = NO;
				ENABLE_STRICT_OBJC_MSGSEND = YES;
				GCC_C_LANGUAGE_STANDARD = gnu11;
				GCC_NO_COMMON_BLOCKS = YES;
				GCC_WARN_64_TO_32_BIT_CONVERSION = YES;
				GCC_WARN_ABOUT_RETURN_TYPE = YES_ERROR;
				GCC_WARN_UNDECLARED_SELECTOR = YES;
				GCC_WARN_UNINITIALIZED_AUTOS = YES_AGGRESSIVE;
				GCC_WARN_UNUSED_FUNCTION = YES;
				GCC_WARN_UNUSED_VARIABLE = YES;
				IPHONEOS_DEPLOYMENT_TARGET = 13.2;
				MTL_ENABLE_DEBUG_INFO = NO;
				MTL_FAST_MATH = YES;
				SDKROOT = iphoneos;
				VALIDATE_PRODUCT = YES;
			};
			name = Release;
		};
		FD5AEBFB25A9DF2700F60C5F /* Debug */ = {
			isa = XCBuildConfiguration;
			buildSettings = {
				ASSETCATALOG_COMPILER_APPICON_NAME = AppIcon;
				CODE_SIGN_STYLE = Automatic;
				INFOPLIST_FILE = TouchTracker/Info.plist;
				LD_RUNPATH_SEARCH_PATHS = (
					"$(inherited)",
					"@executable_path/Frameworks",
				);
				PRODUCT_BUNDLE_IDENTIFIER = com.qiqiuzhe.TouchTracker;
				PRODUCT_NAME = "$(TARGET_NAME)";
				TARGETED_DEVICE_FAMILY = "1,2";
			};
			name = Debug;
		};
		FD5AEBFC25A9DF2700F60C5F /* Release */ = {
			isa = XCBuildConfiguration;
			buildSettings = {
				ASSETCATALOG_COMPILER_APPICON_NAME = AppIcon;
				CODE_SIGN_STYLE = Automatic;
				INFOPLIST_FILE = TouchTracker/Info.plist;
				LD_RUNPATH_SEARCH_PATHS = (
					"$(inherited)",
					"@executable_path/Frameworks",
				);
				PRODUCT_BUNDLE_IDENTIFIER = com.qiqiuzhe.TouchTracker;
				PRODUCT_NAME = "$(TARGET_NAME)";
				TARGETED_DEVICE_FAMILY = "1,2";
			};
			name = Release;
		};
/* End XCBuildConfiguration section */

/* Begin XCConfigurationList section */
		FD5AEBDC25A9DF2200F60C5F /* Build configuration list for PBXProject "TouchTracker" */ = {
			isa = XCConfigurationList;
			buildConfigurations = (
				FD5AEBF825A9DF2700F60C5F /* Debug */,
				FD5AEBF925A9DF2700F60C5F /* Release */,
			);
			defaultConfigurationIsVisible = 0;
			defaultConfigurationName = Release;
		};
		FD5AEBFA25A9DF2700F60C5F /* Build configuration list for PBXNativeTarget "TouchTracker" */ = {
			isa = XCConfigurationList;
			buildConfigurations = (
				FD5AEBFB25A9DF2700F60C5F /* Debug */,
				FD5AEBFC25A9DF2700F60C5F /* Release */,
			);
			defaultConfigurationIsVisible = 0;
			defaultConfigurationName = Release;
		};
/* End XCConfigurationList section */
	};
	rootObject = FD5AEBD925A9DF2200F60C5F /* Project object */;
}
